
Microsoft Visual Studio Solution File, Format Version 12.00
# Visual Studio Version 17
VisualStudioVersion = 17.4.33122.133
MinimumVisualStudioVersion = 10.0.40219.1
Project("{9A19103F-16F7-4668-BE54-9A1E7A4F7556}") = "ContactManager", "ContactManager.csproj", "{347C6A9D-9D72-4205-B2B1-F5FE60B001DC}"
EndProject
Global
	GlobalSection(SolutionConfigurationPlatforms) = preSolution
		Debug|Any CPU = Debug|Any CPU
		Release|Any CPU = Release|Any CPU
	EndGlobalSection
	GlobalSection(ProjectConfigurationPlatforms) = postSolution
		{347C6A9D-9D72-4205-B2B1-F5FE60B001DC}.Debug|Any CPU.ActiveCfg = Debug|Any CPU
		{347C6A9D-9D72-4205-B2B1-F5FE60B001DC}.Debug|Any CPU.Build.0 = Debug|Any CPU
		{347C6A9D-9D72-4205-B2B1-F5FE60B001DC}.Release|Any CPU.ActiveCfg = Release|Any CPU
		{347C6A9D-9D72-4205-B2B1-F5FE60B001DC}.Release|Any CPU.Build.0 = Release|Any CPU
	EndGlobalSection
	GlobalSection(SolutionProperties) = preSolution
		HideSolutionNode = FALSE
	EndGlobalSection
	GlobalSection(ExtensibilityGlobals) = postSolution
		SolutionGuid = {5F22A5B2-FA83-4704-B0A0-A992735F51C3}
	EndGlobalSection
EndGlobal
